// !$*UTF8*$!
{
	archiveVersion = 1;
	classes = {
	};
	objectVersion = 46;
	objects = {

/* Begin PBXBuildFile section */
		E597477D1F95BB2C0022B24B /* main.m in Sources */ = {isa = PBXBuildFile; fileRef = E597477C1F95BB2C0022B24B /* main.m */; };
		E59747801F95BB2C0022B24B /* AppDelegate.m in Sources */ = {isa = PBXBuildFile; fileRef = E597477F1F95BB2C0022B24B /* AppDelegate.m */; };
		E59747831F95BB2C0022B24B /* ViewController.m in Sources */ = {isa = PBXBuildFile; fileRef = E59747821F95BB2C0022B24B /* ViewController.m */; };
		E59747861F95BB2C0022B24B /* Main.storyboard in Resources */ = {isa = PBXBuildFile; fileRef = E59747841F95BB2C0022B24B /* Main.storyboard */; };
		E59747881F95BB2C0022B24B /* Assets.xcassets in Resources */ = {isa = PBXBuildFile; fileRef = E59747871F95BB2C0022B24B /* Assets.xcassets */; };
		E597478B1F95BB2C0022B24B /* LaunchScreen.storyboard in Resources */ = {isa = PBXBuildFile; fileRef = E59747891F95BB2C0022B24B /* LaunchScreen.storyboard */; };
		E59747961F95BB2C0022B24B /* POUDP_ClientTests.m in Sources */ = {isa = PBXBuildFile; fileRef = E59747951F95BB2C0022B24B /* POUDP_ClientTests.m */; };
		E59747A11F95BB2C0022B24B /* POUDP_ClientUITests.m in Sources */ = {isa = PBXBuildFile; fileRef = E59747A01F95BB2C0022B24B /* POUDP_ClientUITests.m */; };
		E59747F81F95F2670022B24B /* POButton.m in Sources */ = {isa = PBXBuildFile; fileRef = E59747F51F95F2670022B24B /* POButton.m */; };
		E59747F91F95F2670022B24B /* POTextField.m in Sources */ = {isa = PBXBuildFile; fileRef = E59747F71F95F2670022B24B /* POTextField.m */; };
		E59747FF1F95F2810022B24B /* AsyncSocket.m in Sources */ = {isa = PBXBuildFile; fileRef = E59747FC1F95F2810022B24B /* AsyncSocket.m */; };
		E59748001F95F2810022B24B /* AsyncUdpSocket.m in Sources */ = {isa = PBXBuildFile; fileRef = E59747FE1F95F2810022B24B /* AsyncUdpSocket.m */; };
		E59748291F95FEFB0022B24B /* NSObject+SBJson.m in Sources */ = {isa = PBXBuildFile; fileRef = E59748111F95FEFB0022B24B /* NSObject+SBJson.m */; };
		E597482A1F95FEFB0022B24B /* SBJsonParser.m in Sources */ = {isa = PBXBuildFile; fileRef = E59748141F95FEFB0022B24B /* SBJsonParser.m */; };
		E597482B1F95FEFB0022B24B /* SBJsonStreamParser.m in Sources */ = {isa = PBXBuildFile; fileRef = E59748161F95FEFB0022B24B /* SBJsonStreamParser.m */; };
		E597482C1F95FEFB0022B24B /* SBJsonStreamParserAccumulator.m in Sources */ = {isa = PBXBuildFile; fileRef = E59748181F95FEFB0022B24B /* SBJsonStreamParserAccumulator.m */; };
		E597482D1F95FEFB0022B24B /* SBJsonStreamParserAdapter.m in Sources */ = {isa = PBXBuildFile; fileRef = E597481A1F95FEFB0022B24B /* SBJsonStreamParserAdapter.m */; };
		E597482E1F95FEFB0022B24B /* SBJsonStreamParserState.m in Sources */ = {isa = PBXBuildFile; fileRef = E597481C1F95FEFB0022B24B /* SBJsonStreamParserState.m */; };
		E597482F1F95FEFB0022B24B /* SBJsonStreamWriter.m in Sources */ = {isa = PBXBuildFile; fileRef = E597481E1F95FEFB0022B24B /* SBJsonStreamWriter.m */; };
		E59748301F95FEFB0022B24B /* SBJsonStreamWriterAccumulator.m in Sources */ = {isa = PBXBuildFile; fileRef = E59748201F95FEFB0022B24B /* SBJsonStreamWriterAccumulator.m */; };
		E59748311F95FEFB0022B24B /* SBJsonStreamWriterState.m in Sources */ = {isa = PBXBuildFile; fileRef = E59748221F95FEFB0022B24B /* SBJsonStreamWriterState.m */; };
		E59748321F95FEFB0022B24B /* SBJsonTokeniser.m in Sources */ = {isa = PBXBuildFile; fileRef = E59748241F95FEFB0022B24B /* SBJsonTokeniser.m */; };
		E59748331F95FEFB0022B24B /* SBJsonUTF8Stream.m in Sources */ = {isa = PBXBuildFile; fileRef = E59748261F95FEFB0022B24B /* SBJsonUTF8Stream.m */; };
		E59748341F95FEFB0022B24B /* SBJsonWriter.m in Sources */ = {isa = PBXBuildFile; fileRef = E59748281F95FEFB0022B24B /* SBJsonWriter.m */; };
		E597485E1F9748CE0022B24B /* POView.m in Sources */ = {isa = PBXBuildFile; fileRef = E597485D1F9748CE0022B24B /* POView.m */; };
		E59748611F97496C0022B24B /* POTextView.m in Sources */ = {isa = PBXBuildFile; fileRef = E59748601F97496C0022B24B /* POTextView.m */; };
/* End PBXBuildFile section */

/* Begin PBXContainerItemProxy section */
		E59747921F95BB2C0022B24B /* PBXContainerItemProxy */ = {
			isa = PBXContainerItemProxy;
			containerPortal = E59747701F95BB2C0022B24B /* Project object */;
			proxyType = 1;
			remoteGlobalIDString = E59747771F95BB2C0022B24B;
			remoteInfo = POUDP_Client;
		};
		E597479D1F95BB2C0022B24B /* PBXContainerItemProxy */ = {
			isa = PBXContainerItemProxy;
			containerPortal = E59747701F95BB2C0022B24B /* Project object */;
			proxyType = 1;
			remoteGlobalIDString = E59747771F95BB2C0022B24B;
			remoteInfo = POUDP_Client;
		};
/* End PBXContainerItemProxy section */

/* Begin PBXFileReference section */
		E59747781F95BB2C0022B24B /* POUDP_Client.app */ = {isa = PBXFileReference; explicitFileType = wrapper.application; includeInIndex = 0; path = POUDP_Client.app; sourceTree = BUILT_PRODUCTS_DIR; };
		E597477C1F95BB2C0022B24B /* main.m */ = {isa = PBXFileReference; lastKnownFileType = sourcecode.c.objc; path = main.m; sourceTree = "<group>"; };
		E597477E1F95BB2C0022B24B /* AppDelegate.h */ = {isa = PBXFileReference; lastKnownFileType = sourcecode.c.h; path = AppDelegate.h; sourceTree = "<group>"; };
		E597477F1F95BB2C0022B24B /* AppDelegate.m */ = {isa = PBXFileReference; lastKnownFileType = sourcecode.c.objc; path = AppDelegate.m; sourceTree = "<group>"; };
		E59747811F95BB2C0022B24B /* ViewController.h */ = {isa = PBXFileReference; lastKnownFileType = sourcecode.c.h; path = ViewController.h; sourceTree = "<group>"; };
		E59747821F95BB2C0022B24B /* ViewController.m */ = {isa = PBXFileReference; lastKnownFileType = sourcecode.c.objc; path = ViewController.m; sourceTree = "<group>"; };
		E59747851F95BB2C0022B24B /* Base */ = {isa = PBXFileReference; lastKnownFileType = file.storyboard; name = Base; path = Base.lproj/Main.storyboard; sourceTree = "<group>"; };
		E59747871F95BB2C0022B24B /* Assets.xcassets */ = {isa = PBXFileReference; lastKnownFileType = folder.assetcatalog; path = Assets.xcassets; sourceTree = "<group>"; };
		E597478A1F95BB2C0022B24B /* Base */ = {isa = PBXFileReference; lastKnownFileType = file.storyboard; name = Base; path = Base.lproj/LaunchScreen.storyboard; sourceTree = "<group>"; };
		E597478C1F95BB2C0022B24B /* Info.plist */ = {isa = PBXFileReference; lastKnownFileType = text.plist.xml; path = Info.plist; sourceTree = "<group>"; };
		E59747911F95BB2C0022B24B /* POUDP_ClientTests.xctest */ = {isa = PBXFileReference; explicitFileType = wrapper.cfbundle; includeInIndex = 0; path = POUDP_ClientTests.xctest; sourceTree = BUILT_PRODUCTS_DIR; };
		E59747951F95BB2C0022B24B /* POUDP_ClientTests.m */ = {isa = PBXFileReference; lastKnownFileType = sourcecode.c.objc; path = POUDP_ClientTests.m; sourceTree = "<group>"; };
		E59747971F95BB2C0022B24B /* Info.plist */ = {isa = PBXFileReference; lastKnownFileType = text.plist.xml; path = Info.plist; sourceTree = "<group>"; };
		E597479C1F95BB2C0022B24B /* POUDP_ClientUITests.xctest */ = {isa = PBXFileReference; explicitFileType = wrapper.cfbundle; includeInIndex = 0; path = POUDP_ClientUITests.xctest; sourceTree = BUILT_PRODUCTS_DIR; };
		E59747A01F95BB2C0022B24B /* POUDP_ClientUITests.m */ = {isa = PBXFileReference; lastKnownFileType = sourcecode.c.objc; path = POUDP_ClientUITests.m; sourceTree = "<group>"; };
		E59747A21F95BB2C0022B24B /* Info.plist */ = {isa = PBXFileReference; lastKnownFileType = text.plist.xml; path = Info.plist; sourceTree = "<group>"; };
		E59747F41F95F2670022B24B /* POButton.h */ = {isa = PBXFileReference; fileEncoding = 4; lastKnownFileType = sourcecode.c.h; path = POButton.h; sourceTree = "<group>"; };
		E59747F51F95F2670022B24B /* POButton.m */ = {isa = PBXFileReference; fileEncoding = 4; lastKnownFileType = sourcecode.c.objc; path = POButton.m; sourceTree = "<group>"; };
		E59747F61F95F2670022B24B /* POTextField.h */ = {isa = PBXFileReference; fileEncoding = 4; lastKnownFileType = sourcecode.c.h; path = POTextField.h; sourceTree = "<group>"; };
		E59747F71F95F2670022B24B /* POTextField.m */ = {isa = PBXFileReference; fileEncoding = 4; lastKnownFileType = sourcecode.c.objc; path = POTextField.m; sourceTree = "<group>"; };
		E59747FB1F95F2810022B24B /* AsyncSocket.h */ = {isa = PBXFileReference; fileEncoding = 4; lastKnownFileType = sourcecode.c.h; path = AsyncSocket.h; sourceTree = "<group>"; };
		E59747FC1F95F2810022B24B /* AsyncSocket.m */ = {isa = PBXFileReference; fileEncoding = 4; lastKnownFileType = sourcecode.c.objc; path = AsyncSocket.m; sourceTree = "<group>"; };
		E59747FD1F95F2810022B24B /* AsyncUdpSocket.h */ = {isa = PBXFileReference; fileEncoding = 4; lastKnownFileType = sourcecode.c.h; path = AsyncUdpSocket.h; sourceTree = "<group>"; };
		E59747FE1F95F2810022B24B /* AsyncUdpSocket.m */ = {isa = PBXFileReference; fileEncoding = 4; lastKnownFileType = sourcecode.c.objc; path = AsyncUdpSocket.m; sourceTree = "<group>"; };
		E59748101F95FEFB0022B24B /* NSObject+SBJson.h */ = {isa = PBXFileReference; fileEncoding = 4; lastKnownFileType = sourcecode.c.h; path = "NSObject+SBJson.h"; sourceTree = "<group>"; };
		E59748111F95FEFB0022B24B /* NSObject+SBJson.m */ = {isa = PBXFileReference; fileEncoding = 4; lastKnownFileType = sourcecode.c.objc; path = "NSObject+SBJson.m"; sourceTree = "<group>"; };
		E59748121F95FEFB0022B24B /* SBJson.h */ = {isa = PBXFileReference; fileEncoding = 4; lastKnownFileType = sourcecode.c.h; path = SBJson.h; sourceTree = "<group>"; };
		E59748131F95FEFB0022B24B /* SBJsonParser.h */ = {isa = PBXFileReference; fileEncoding = 4; lastKnownFileType = sourcecode.c.h; path = SBJsonParser.h; sourceTree = "<group>"; };
		E59748141F95FEFB0022B24B /* SBJsonParser.m */ = {isa = PBXFileReference; fileEncoding = 4; lastKnownFileType = sourcecode.c.objc; path = SBJsonParser.m; sourceTree = "<group>"; };
		E59748151F95FEFB0022B24B /* SBJsonStreamParser.h */ = {isa = PBXFileReference; fileEncoding = 4; lastKnownFileType = sourcecode.c.h; path = SBJsonStreamParser.h; sourceTree = "<group>"; };
		E59748161F95FEFB0022B24B /* SBJsonStreamParser.m */ = {isa = PBXFileReference; fileEncoding = 4; lastKnownFileType = sourcecode.c.objc; path = SBJsonStreamParser.m; sourceTree = "<group>"; };
		E59748171F95FEFB0022B24B /* SBJsonStreamParserAccumulator.h */ = {isa = PBXFileReference; fileEncoding = 4; lastKnownFileType = sourcecode.c.h; path = SBJsonStreamParserAccumulator.h; sourceTree = "<group>"; };
		E59748181F95FEFB0022B24B /* SBJsonStreamParserAccumulator.m */ = {isa = PBXFileReference; fileEncoding = 4; lastKnownFileType = sourcecode.c.objc; path = SBJsonStreamParserAccumulator.m; sourceTree = "<group>"; };
		E59748191F95FEFB0022B24B /* SBJsonStreamParserAdapter.h */ = {isa = PBXFileReference; fileEncoding = 4; lastKnownFileType = sourcecode.c.h; path = SBJsonStreamParserAdapter.h; sourceTree = "<group>"; };
		E597481A1F95FEFB0022B24B /* SBJsonStreamParserAdapter.m */ = {isa = PBXFileReference; fileEncoding = 4; lastKnownFileType = sourcecode.c.objc; path = SBJsonStreamParserAdapter.m; sourceTree = "<group>"; };
		E597481B1F95FEFB0022B24B /* SBJsonStreamParserState.h */ = {isa = PBXFileReference; fileEncoding = 4; lastKnownFileType = sourcecode.c.h; path = SBJsonStreamParserState.h; sourceTree = "<group>"; };
		E597481C1F95FEFB0022B24B /* SBJsonStreamParserState.m */ = {isa = PBXFileReference; fileEncoding = 4; lastKnownFileType = sourcecode.c.objc; path = SBJsonStreamParserState.m; sourceTree = "<group>"; };
		E597481D1F95FEFB0022B24B /* SBJsonStreamWriter.h */ = {isa = PBXFileReference; fileEncoding = 4; lastKnownFileType = sourcecode.c.h; path = SBJsonStreamWriter.h; sourceTree = "<group>"; };
		E597481E1F95FEFB0022B24B /* SBJsonStreamWriter.m */ = {isa = PBXFileReference; fileEncoding = 4; lastKnownFileType = sourcecode.c.objc; path = SBJsonStreamWriter.m; sourceTree = "<group>"; };
		E597481F1F95FEFB0022B24B /* SBJsonStreamWriterAccumulator.h */ = {isa = PBXFileReference; fileEncoding = 4; lastKnownFileType = sourcecode.c.h; path = SBJsonStreamWriterAccumulator.h; sourceTree = "<group>"; };
		E59748201F95FEFB0022B24B /* SBJsonStreamWriterAccumulator.m */ = {isa = PBXFileReference; fileEncoding = 4; lastKnownFileType = sourcecode.c.objc; path = SBJsonStreamWriterAccumulator.m; sourceTree = "<group>"; };
		E59748211F95FEFB0022B24B /* SBJsonStreamWriterState.h */ = {isa = PBXFileReference; fileEncoding = 4; lastKnownFileType = sourcecode.c.h; path = SBJsonStreamWriterState.h; sourceTree = "<group>"; };
		E59748221F95FEFB0022B24B /* SBJsonStreamWriterState.m */ = {isa = PBXFileReference; fileEncoding = 4; lastKnownFileType = sourcecode.c.objc; path = SBJsonStreamWriterState.m; sourceTree = "<group>"; };
		E59748231F95FEFB0022B24B /* SBJsonTokeniser.h */ = {isa = PBXFileReference; fileEncoding = 4; lastKnownFileType = sourcecode.c.h; path = SBJsonTokeniser.h; sourceTree = "<group>"; };
		E59748241F95FEFB0022B24B /* SBJsonTokeniser.m */ = {isa = PBXFileReference; fileEncoding = 4; lastKnownFileType = sourcecode.c.objc; path = SBJsonTokeniser.m; sourceTree = "<group>"; };
		E59748251F95FEFB0022B24B /* SBJsonUTF8Stream.h */ = {isa = PBXFileReference; fileEncoding = 4; lastKnownFileType = sourcecode.c.h; path = SBJsonUTF8Stream.h; sourceTree = "<group>"; };
		E59748261F95FEFB0022B24B /* SBJsonUTF8Stream.m */ = {isa = PBXFileReference; fileEncoding = 4; lastKnownFileType = sourcecode.c.objc; path = SBJsonUTF8Stream.m; sourceTree = "<group>"; };
		E59748271F95FEFB0022B24B /* SBJsonWriter.h */ = {isa = PBXFileReference; fileEncoding = 4; lastKnownFileType = sourcecode.c.h; path = SBJsonWriter.h; sourceTree = "<group>"; };
		E59748281F95FEFB0022B24B /* SBJsonWriter.m */ = {isa = PBXFileReference; fileEncoding = 4; lastKnownFileType = sourcecode.c.objc; path = SBJsonWriter.m; sourceTree = "<group>"; };
		E597485C1F9748CE0022B24B /* POView.h */ = {isa = PBXFileReference; fileEncoding = 4; lastKnownFileType = sourcecode.c.h; path = POView.h; sourceTree = "<group>"; };
		E597485D1F9748CE0022B24B /* POView.m */ = {isa = PBXFileReference; fileEncoding = 4; lastKnownFileType = sourcecode.c.objc; path = POView.m; sourceTree = "<group>"; };
		E597485F1F97496C0022B24B /* POTextView.h */ = {isa = PBXFileReference; fileEncoding = 4; lastKnownFileType = sourcecode.c.h; path = POTextView.h; sourceTree = "<group>"; };
		E59748601F97496C0022B24B /* POTextView.m */ = {isa = PBXFileReference; fileEncoding = 4; lastKnownFileType = sourcecode.c.objc; path = POTextView.m; sourceTree = "<group>"; };
/* End PBXFileReference section */

/* Begin PBXFrameworksBuildPhase section */
		E59747751F95BB2C0022B24B /* Frameworks */ = {
			isa = PBXFrameworksBuildPhase;
			buildActionMask = 2147483647;
			files = (
			);
			runOnlyForDeploymentPostprocessing = 0;
		};
		E597478E1F95BB2C0022B24B /* Frameworks */ = {
			isa = PBXFrameworksBuildPhase;
			buildActionMask = 2147483647;
			files = (
			);
			runOnlyForDeploymentPostprocessing = 0;
		};
		E59747991F95BB2C0022B24B /* Frameworks */ = {
			isa = PBXFrameworksBuildPhase;
			buildActionMask = 2147483647;
			files = (
			);
			runOnlyForDeploymentPostprocessing = 0;
		};
/* End PBXFrameworksBuildPhase section */

/* Begin PBXGroup section */
		E597476F1F95BB2C0022B24B = {
			isa = PBXGroup;
			children = (
				E597477A1F95BB2C0022B24B /* POUDP_Client */,
				E59747941F95BB2C0022B24B /* POUDP_ClientTests */,
				E597479F1F95BB2C0022B24B /* POUDP_ClientUITests */,
				E59747791F95BB2C0022B24B /* Products */,
			);
			sourceTree = "<group>";
		};
		E59747791F95BB2C0022B24B /* Products */ = {
			isa = PBXGroup;
			children = (
				E59747781F95BB2C0022B24B /* POUDP_Client.app */,
				E59747911F95BB2C0022B24B /* POUDP_ClientTests.xctest */,
				E597479C1F95BB2C0022B24B /* POUDP_ClientUITests.xctest */,
			);
			name = Products;
			sourceTree = "<group>";
		};
		E597477A1F95BB2C0022B24B /* POUDP_Client */ = {
			isa = PBXGroup;
			children = (
				E597480F1F95FEFB0022B24B /* SBJson */,
				E59747FA1F95F2810022B24B /* UDP */,
				E59747F31F95F2670022B24B /* CustomObject */,
				E597477E1F95BB2C0022B24B /* AppDelegate.h */,
				E597477F1F95BB2C0022B24B /* AppDelegate.m */,
				E59747811F95BB2C0022B24B /* ViewController.h */,
				E59747821F95BB2C0022B24B /* ViewController.m */,
				E59747841F95BB2C0022B24B /* Main.storyboard */,
				E59747871F95BB2C0022B24B /* Assets.xcassets */,
				E59747891F95BB2C0022B24B /* LaunchScreen.storyboard */,
				E597478C1F95BB2C0022B24B /* Info.plist */,
				E597477B1F95BB2C0022B24B /* Supporting Files */,
			);
			path = POUDP_Client;
			sourceTree = "<group>";
		};
		E597477B1F95BB2C0022B24B /* Supporting Files */ = {
			isa = PBXGroup;
			children = (
				E597477C1F95BB2C0022B24B /* main.m */,
			);
			name = "Supporting Files";
			sourceTree = "<group>";
		};
		E59747941F95BB2C0022B24B /* POUDP_ClientTests */ = {
			isa = PBXGroup;
			children = (
				E59747951F95BB2C0022B24B /* POUDP_ClientTests.m */,
				E59747971F95BB2C0022B24B /* Info.plist */,
			);
			path = POUDP_ClientTests;
			sourceTree = "<group>";
		};
		E597479F1F95BB2C0022B24B /* POUDP_ClientUITests */ = {
			isa = PBXGroup;
			children = (
				E59747A01F95BB2C0022B24B /* POUDP_ClientUITests.m */,
				E59747A21F95BB2C0022B24B /* Info.plist */,
			);
			path = POUDP_ClientUITests;
			sourceTree = "<group>";
		};
		E59747F31F95F2670022B24B /* CustomObject */ = {
			isa = PBXGroup;
			children = (
				E59747F41F95F2670022B24B /* POButton.h */,
				E59747F51F95F2670022B24B /* POButton.m */,
				E59747F61F95F2670022B24B /* POTextField.h */,
				E59747F71F95F2670022B24B /* POTextField.m */,
				E597485C1F9748CE0022B24B /* POView.h */,
				E597485D1F9748CE0022B24B /* POView.m */,
				E597485F1F97496C0022B24B /* POTextView.h */,
				E59748601F97496C0022B24B /* POTextView.m */,
			);
			path = CustomObject;
			sourceTree = "<group>";
		};
		E59747FA1F95F2810022B24B /* UDP */ = {
			isa = PBXGroup;
			children = (
				E59747FB1F95F2810022B24B /* AsyncSocket.h */,
				E59747FC1F95F2810022B24B /* AsyncSocket.m */,
				E59747FD1F95F2810022B24B /* AsyncUdpSocket.h */,
				E59747FE1F95F2810022B24B /* AsyncUdpSocket.m */,
			);
			path = UDP;
			sourceTree = "<group>";
		};
		E597480F1F95FEFB0022B24B /* SBJson */ = {
			isa = PBXGroup;
			children = (
				E59748101F95FEFB0022B24B /* NSObject+SBJson.h */,
				E59748111F95FEFB0022B24B /* NSObject+SBJson.m */,
				E59748121F95FEFB0022B24B /* SBJson.h */,
				E59748131F95FEFB0022B24B /* SBJsonParser.h */,
				E59748141F95FEFB0022B24B /* SBJsonParser.m */,
				E59748151F95FEFB0022B24B /* SBJsonStreamParser.h */,
				E59748161F95FEFB0022B24B /* SBJsonStreamParser.m */,
				E59748171F95FEFB0022B24B /* SBJsonStreamParserAccumulator.h */,
				E59748181F95FEFB0022B24B /* SBJsonStreamParserAccumulator.m */,
				E59748191F95FEFB0022B24B /* SBJsonStreamParserAdapter.h */,
				E597481A1F95FEFB0022B24B /* SBJsonStreamParserAdapter.m */,
				E597481B1F95FEFB0022B24B /* SBJsonStreamParserState.h */,
				E597481C1F95FEFB0022B24B /* SBJsonStreamParserState.m */,
				E597481D1F95FEFB0022B24B /* SBJsonStreamWriter.h */,
				E597481E1F95FEFB0022B24B /* SBJsonStreamWriter.m */,
				E597481F1F95FEFB0022B24B /* SBJsonStreamWriterAccumulator.h */,
				E59748201F95FEFB0022B24B /* SBJsonStreamWriterAccumulator.m */,
				E59748211F95FEFB0022B24B /* SBJsonStreamWriterState.h */,
				E59748221F95FEFB0022B24B /* SBJsonStreamWriterState.m */,
				E59748231F95FEFB0022B24B /* SBJsonTokeniser.h */,
				E59748241F95FEFB0022B24B /* SBJsonTokeniser.m */,
				E59748251F95FEFB0022B24B /* SBJsonUTF8Stream.h */,
				E59748261F95FEFB0022B24B /* SBJsonUTF8Stream.m */,
				E59748271F95FEFB0022B24B /* SBJsonWriter.h */,
				E59748281F95FEFB0022B24B /* SBJsonWriter.m */,
			);
			path = SBJson;
			sourceTree = "<group>";
		};
/* End PBXGroup section */

/* Begin PBXNativeTarget section */
		E59747771F95BB2C0022B24B /* POUDP_Client */ = {
			isa = PBXNativeTarget;
			buildConfigurationList = E59747A51F95BB2C0022B24B /* Build configuration list for PBXNativeTarget "POUDP_Client" */;
			buildPhases = (
				E59747741F95BB2C0022B24B /* Sources */,
				E59747751F95BB2C0022B24B /* Frameworks */,
				E59747761F95BB2C0022B24B /* Resources */,
			);
			buildRules = (
			);
			dependencies = (
			);
			name = POUDP_Client;
			productName = POUDP_Client;
			productReference = E59747781F95BB2C0022B24B /* POUDP_Client.app */;
			productType = "com.apple.product-type.application";
		};
		E59747901F95BB2C0022B24B /* POUDP_ClientTests */ = {
			isa = PBXNativeTarget;
			buildConfigurationList = E59747A81F95BB2C0022B24B /* Build configuration list for PBXNativeTarget "POUDP_ClientTests" */;
			buildPhases = (
				E597478D1F95BB2C0022B24B /* Sources */,
				E597478E1F95BB2C0022B24B /* Frameworks */,
				E597478F1F95BB2C0022B24B /* Resources */,
			);
			buildRules = (
			);
			dependencies = (
				E59747931F95BB2C0022B24B /* PBXTargetDependency */,
			);
			name = POUDP_ClientTests;
			productName = POUDP_ClientTests;
			productReference = E59747911F95BB2C0022B24B /* POUDP_ClientTests.xctest */;
			productType = "com.apple.product-type.bundle.unit-test";
		};
		E597479B1F95BB2C0022B24B /* POUDP_ClientUITests */ = {
			isa = PBXNativeTarget;
			buildConfigurationList = E59747AB1F95BB2C0022B24B /* Build configuration list for PBXNativeTarget "POUDP_ClientUITests" */;
			buildPhases = (
				E59747981F95BB2C0022B24B /* Sources */,
				E59747991F95BB2C0022B24B /* Frameworks */,
				E597479A1F95BB2C0022B24B /* Resources */,
			);
			buildRules = (
			);
			dependencies = (
				E597479E1F95BB2C0022B24B /* PBXTargetDependency */,
			);
			name = POUDP_ClientUITests;
			productName = POUDP_ClientUITests;
			productReference = E597479C1F95BB2C0022B24B /* POUDP_ClientUITests.xctest */;
			productType = "com.apple.product-type.bundle.ui-testing";
		};
/* End PBXNativeTarget section */

/* Begin PBXProject section */
		E59747701F95BB2C0022B24B /* Project object */ = {
			isa = PBXProject;
			attributes = {
				LastUpgradeCheck = 0830;
				ORGANIZATIONNAME = Polo;
				TargetAttributes = {
					E59747771F95BB2C0022B24B = {
						CreatedOnToolsVersion = 8.3.3;
						DevelopmentTeam = E2EJ8L9DWN;
						ProvisioningStyle = Automatic;
					};
					E59747901F95BB2C0022B24B = {
						CreatedOnToolsVersion = 8.3.3;
						ProvisioningStyle = Automatic;
						TestTargetID = E59747771F95BB2C0022B24B;
					};
					E597479B1F95BB2C0022B24B = {
						CreatedOnToolsVersion = 8.3.3;
						ProvisioningStyle = Automatic;
						TestTargetID = E59747771F95BB2C0022B24B;
					};
				};
			};
			buildConfigurationList = E59747731F95BB2C0022B24B /* Build configuration list for PBXProject "POUDP_Client" */;
			compatibilityVersion = "Xcode 3.2";
			developmentRegion = English;
			hasScannedForEncodings = 0;
			knownRegions = (
				en,
				Base,
			);
			mainGroup = E597476F1F95BB2C0022B24B;
			productRefGroup = E59747791F95BB2C0022B24B /* Products */;
			projectDirPath = "";
			projectRoot = "";
			targets = (
				E59747771F95BB2C0022B24B /* POUDP_Client */,
				E59747901F95BB2C0022B24B /* POUDP_ClientTests */,
				E597479B1F95BB2C0022B24B /* POUDP_ClientUITests */,
			);
		};
/* End PBXProject section */

/* Begin PBXResourcesBuildPhase section */
		E59747761F95BB2C0022B24B /* Resources */ = {
			isa = PBXResourcesBuildPhase;
			buildActionMask = 2147483647;
			files = (
				E597478B1F95BB2C0022B24B /* LaunchScreen.storyboard in Resources */,
				E59747881F95BB2C0022B24B /* Assets.xcassets in Resources */,
				E59747861F95BB2C0022B24B /* Main.storyboard in Resources */,
			);
			runOnlyForDeploymentPostprocessing = 0;
		};
		E597478F1F95BB2C0022B24B /* Resources */ = {
			isa = PBXResourcesBuildPhase;
			buildActionMask = 2147483647;
			files = (
			);
			runOnlyForDeploymentPostprocessing = 0;
		};
		E597479A1F95BB2C0022B24B /* Resources */ = {
			isa = PBXResourcesBuildPhase;
			buildActionMask = 2147483647;
			files = (
			);
			runOnlyForDeploymentPostprocessing = 0;
		};
/* End PBXResourcesBuildPhase section */

/* Begin PBXSourcesBuildPhase section */
		E59747741F95BB2C0022B24B /* Sources */ = {
			isa = PBXSourcesBuildPhase;
			buildActionMask = 2147483647;
			files = (
				E59748321F95FEFB0022B24B /* SBJsonTokeniser.m in Sources */,
				E59748611F97496C0022B24B /* POTextView.m in Sources */,
				E59747F81F95F2670022B24B /* POButton.m in Sources */,
				E59747831F95BB2C0022B24B /* ViewController.m in Sources */,
				E597482E1F95FEFB0022B24B /* SBJsonStreamParserState.m in Sources */,
				E59747801F95BB2C0022B24B /* AppDelegate.m in Sources */,
				E59747FF1F95F2810022B24B /* AsyncSocket.m in Sources */,
				E59747F91F95F2670022B24B /* POTextField.m in Sources */,
				E59748341F95FEFB0022B24B /* SBJsonWriter.m in Sources */,
				E597477D1F95BB2C0022B24B /* main.m in Sources */,
				E597485E1F9748CE0022B24B /* POView.m in Sources */,
				E597482C1F95FEFB0022B24B /* SBJsonStreamParserAccumulator.m in Sources */,
				E597482A1F95FEFB0022B24B /* SBJsonParser.m in Sources */,
				E59748291F95FEFB0022B24B /* NSObject+SBJson.m in Sources */,
				E59748331F95FEFB0022B24B /* SBJsonUTF8Stream.m in Sources */,
				E59748001F95F2810022B24B /* AsyncUdpSocket.m in Sources */,
				E59748301F95FEFB0022B24B /* SBJsonStreamWriterAccumulator.m in Sources */,
				E597482F1F95FEFB0022B24B /* SBJsonStreamWriter.m in Sources */,
				E59748311F95FEFB0022B24B /* SBJsonStreamWriterState.m in Sources */,
				E597482B1F95FEFB0022B24B /* SBJsonStreamParser.m in Sources */,
				E597482D1F95FEFB0022B24B /* SBJsonStreamParserAdapter.m in Sources */,
			);
			runOnlyForDeploymentPostprocessing = 0;
		};
		E597478D1F95BB2C0022B24B /* Sources */ = {
			isa = PBXSourcesBuildPhase;
			buildActionMask = 2147483647;
			files = (
				E59747961F95BB2C0022B24B /* POUDP_ClientTests.m in Sources */,
			);
			runOnlyForDeploymentPostprocessing = 0;
		};
		E59747981F95BB2C0022B24B /* Sources */ = {
			isa = PBXSourcesBuildPhase;
			buildActionMask = 2147483647;
			files = (
				E59747A11F95BB2C0022B24B /* POUDP_ClientUITests.m in Sources */,
			);
			runOnlyForDeploymentPostprocessing = 0;
		};
/* End PBXSourcesBuildPhase section */

/* Begin PBXTargetDependency section */
		E59747931F95BB2C0022B24B /* PBXTargetDependency */ = {
			isa = PBXTargetDependency;
			target = E59747771F95BB2C0022B24B /* POUDP_Client */;
			targetProxy = E59747921F95BB2C0022B24B /* PBXContainerItemProxy */;
		};
		E597479E1F95BB2C0022B24B /* PBXTargetDependency */ = {
			isa = PBXTargetDependency;
			target = E59747771F95BB2C0022B24B /* POUDP_Client */;
			targetProxy = E597479D1F95BB2C0022B24B /* PBXContainerItemProxy */;
		};
/* End PBXTargetDependency section */

/* Begin PBXVariantGroup section */
		E59747841F95BB2C0022B24B /* Main.storyboard */ = {
			isa = PBXVariantGroup;
			children = (
				E59747851F95BB2C0022B24B /* Base */,
			);
			name = Main.storyboard;
			sourceTree = "<group>";
		};
		E59747891F95BB2C0022B24B /* LaunchScreen.storyboard */ = {
			isa = PBXVariantGroup;
			children = (
				E597478A1F95BB2C0022B24B /* Base */,
			);
			name = LaunchScreen.storyboard;
			sourceTree = "<group>";
		};
/* End PBXVariantGroup section */

/* Begin XCBuildConfiguration section */
		E59747A31F95BB2C0022B24B /* Debug */ = {
			isa = XCBuildConfiguration;
			buildSettings = {
				ALWAYS_SEARCH_USER_PATHS = NO;
				CLANG_ANALYZER_NONNULL = YES;
				CLANG_ANALYZER_NUMBER_OBJECT_CONVERSION = YES_AGGRESSIVE;
				CLANG_CXX_LANGUAGE_STANDARD = "gnu++0x";
				CLANG_CXX_LIBRARY = "libc++";
				CLANG_ENABLE_MODULES = YES;
				CLANG_ENABLE_OBJC_ARC = YES;
				CLANG_WARN_BOOL_CONVERSION = YES;
				CLANG_WARN_CONSTANT_CONVERSION = YES;
				CLANG_WARN_DIRECT_OBJC_ISA_USAGE = YES_ERROR;
				CLANG_WARN_DOCUMENTATION_COMMENTS = YES;
				CLANG_WARN_EMPTY_BODY = YES;
				CLANG_WARN_ENUM_CONVERSION = YES;
				CLANG_WARN_INFINITE_RECURSION = YES;
				CLANG_WARN_INT_CONVERSION = YES;
				CLANG_WARN_OBJC_ROOT_CLASS = YES_ERROR;
				CLANG_WARN_SUSPICIOUS_MOVE = YES;
				CLANG_WARN_UNREACHABLE_CODE = YES;
				CLANG_WARN__DUPLICATE_METHOD_MATCH = YES;
				"CODE_SIGN_IDENTITY[sdk=iphoneos*]" = "iPhone Developer";
				COPY_PHASE_STRIP = NO;
				DEBUG_INFORMATION_FORMAT = dwarf;
				ENABLE_STRICT_OBJC_MSGSEND = YES;
				ENABLE_TESTABILITY = YES;
				GCC_C_LANGUAGE_STANDARD = gnu99;
				GCC_DYNAMIC_NO_PIC = NO;
				GCC_NO_COMMON_BLOCKS = YES;
				GCC_OPTIMIZATION_LEVEL = 0;
				GCC_PREPROCESSOR_DEFINITIONS = (
					"DEBUG=1",
					"$(inherited)",
				);
				GCC_WARN_64_TO_32_BIT_CONVERSION = YES;
				GCC_WARN_ABOUT_RETURN_TYPE = YES_ERROR;
				GCC_WARN_UNDECLARED_SELECTOR = YES;
				GCC_WARN_UNINITIALIZED_AUTOS = YES_AGGRESSIVE;
				GCC_WARN_UNUSED_FUNCTION = YES;
				GCC_WARN_UNUSED_VARIABLE = YES;
				IPHONEOS_DEPLOYMENT_TARGET = 10.3;
				MTL_ENABLE_DEBUG_INFO = YES;
				ONLY_ACTIVE_ARCH = YES;
				SDKROOT = iphoneos;
				TARGETED_DEVICE_FAMILY = "1,2";
			};
			name = Debug;
		};
		E59747A41F95BB2C0022B24B /* Release */ = {
			isa = XCBuildConfiguration;
			buildSettings = {
				ALWAYS_SEARCH_USER_PATHS = NO;
				CLANG_ANALYZER_NONNULL = YES;
				CLANG_ANALYZER_NUMBER_OBJECT_CONVERSION = YES_AGGRESSIVE;
				CLANG_CXX_LANGUAGE_STANDARD = "gnu++0x";
				CLANG_CXX_LIBRARY = "libc++";
				CLANG_ENABLE_MODULES = YES;
				CLANG_ENABLE_OBJC_ARC = YES;
				CLANG_WARN_BOOL_CONVERSION = YES;
				CLANG_WARN_CONSTANT_CONVERSION = YES;
				CLANG_WARN_DIRECT_OBJC_ISA_USAGE = YES_ERROR;
				CLANG_WARN_DOCUMENTATION_COMMENTS = YES;
				CLANG_WARN_EMPTY_BODY = YES;
				CLANG_WARN_ENUM_CONVERSION = YES;
				CLANG_WARN_INFINITE_RECURSION = YES;
				CLANG_WARN_INT_CONVERSION = YES;
				CLANG_WARN_OBJC_ROOT_CLASS = YES_ERROR;
				CLANG_WARN_SUSPICIOUS_MOVE = YES;
				CLANG_WARN_UNREACHABLE_CODE = YES;
				CLANG_WARN__DUPLICATE_METHOD_MATCH = YES;
				"CODE_SIGN_IDENTITY[sdk=iphoneos*]" = "iPhone Developer";
				COPY_PHASE_STRIP = NO;
				DEBUG_INFORMATION_FORMAT = "dwarf-with-dsym";
				ENABLE_NS_ASSERTIONS = NO;
				ENABLE_STRICT_OBJC_MSGSEND = YES;
				GCC_C_LANGUAGE_STANDARD = gnu99;
				GCC_NO_COMMON_BLOCKS = YES;
				GCC_WARN_64_TO_32_BIT_CONVERSION = YES;
				GCC_WARN_ABOUT_RETURN_TYPE = YES_ERROR;
				GCC_WARN_UNDECLARED_SELECTOR = YES;
				GCC_WARN_UNINITIALIZED_AUTOS = YES_AGGRESSIVE;
				GCC_WARN_UNUSED_FUNCTION = YES;
				GCC_WARN_UNUSED_VARIABLE = YES;
				IPHONEOS_DEPLOYMENT_TARGET = 10.3;
				MTL_ENABLE_DEBUG_INFO = NO;
				SDKROOT = iphoneos;
				TARGETED_DEVICE_FAMILY = "1,2";
				VALIDATE_PRODUCT = YES;
			};
			name = Release;
		};
		E59747A61F95BB2C0022B24B /* Debug */ = {
			isa = XCBuildConfiguration;
			buildSettings = {
				ASSETCATALOG_COMPILER_APPICON_NAME = AppIcon;
				DEVELOPMENT_TEAM = E2EJ8L9DWN;
				INFOPLIST_FILE = POUDP_Client/Info.plist;
				LD_RUNPATH_SEARCH_PATHS = "$(inherited) @executable_path/Frameworks";
				PRODUCT_BUNDLE_IDENTIFIER = "com.polo.POUDP-Client";
				PRODUCT_NAME = "$(TARGET_NAME)";
			};
			name = Debug;
		};
		E59747A71F95BB2C0022B24B /* Release */ = {
			isa = XCBuildConfiguration;
			buildSettings = {
				ASSETCATALOG_COMPILER_APPICON_NAME = AppIcon;
				DEVELOPMENT_TEAM = E2EJ8L9DWN;
				INFOPLIST_FILE = POUDP_Client/Info.plist;
				LD_RUNPATH_SEARCH_PATHS = "$(inherited) @executable_path/Frameworks";
				PRODUCT_BUNDLE_IDENTIFIER = "com.polo.POUDP-Client";
				PRODUCT_NAME = "$(TARGET_NAME)";
			};
			name = Release;
		};
		E59747A91F95BB2C0022B24B /* Debug */ = {
			isa = XCBuildConfiguration;
			buildSettings = {
				BUNDLE_LOADER = "$(TEST_HOST)";
				INFOPLIST_FILE = POUDP_ClientTests/Info.plist;
				LD_RUNPATH_SEARCH_PATHS = "$(inherited) @executable_path/Frameworks @loader_path/Frameworks";
				PRODUCT_BUNDLE_IDENTIFIER = "com.polo.POUDP-ClientTests";
				PRODUCT_NAME = "$(TARGET_NAME)";
				TEST_HOST = "$(BUILT_PRODUCTS_DIR)/POUDP_Client.app/POUDP_Client";
			};
			name = Debug;
		};
		E59747AA1F95BB2C0022B24B /* Release */ = {
			isa = XCBuildConfiguration;
			buildSettings = {
				BUNDLE_LOADER = "$(TEST_HOST)";
				INFOPLIST_FILE = POUDP_ClientTests/Info.plist;
				LD_RUNPATH_SEARCH_PATHS = "$(inherited) @executable_path/Frameworks @loader_path/Frameworks";
				PRODUCT_BUNDLE_IDENTIFIER = "com.polo.POUDP-ClientTests";
				PRODUCT_NAME = "$(TARGET_NAME)";
				TEST_HOST = "$(BUILT_PRODUCTS_DIR)/POUDP_Client.app/POUDP_Client";
			};
			name = Release;
		};
		E59747AC1F95BB2C0022B24B /* Debug */ = {
			isa = XCBuildConfiguration;
			buildSettings = {
				INFOPLIST_FILE = POUDP_ClientUITests/Info.plist;
				LD_RUNPATH_SEARCH_PATHS = "$(inherited) @executable_path/Frameworks @loader_path/Frameworks";
				PRODUCT_BUNDLE_IDENTIFIER = "com.polo.POUDP-ClientUITests";
				PRODUCT_NAME = "$(TARGET_NAME)";
				TEST_TARGET_NAME = POUDP_Client;
			};
			name = Debug;
		};
		E59747AD1F95BB2C0022B24B /* Release */ = {
			isa = XCBuildConfiguration;
			buildSettings = {
				INFOPLIST_FILE = POUDP_ClientUITests/Info.plist;
				LD_RUNPATH_SEARCH_PATHS = "$(inherited) @executable_path/Frameworks @loader_path/Frameworks";
				PRODUCT_BUNDLE_IDENTIFIER = "com.polo.POUDP-ClientUITests";
				PRODUCT_NAME = "$(TARGET_NAME)";
				TEST_TARGET_NAME = POUDP_Client;
			};
			name = Release;
		};
/* End XCBuildConfiguration section */

/* Begin XCConfigurationList section */
		E59747731F95BB2C0022B24B /* Build configuration list for PBXProject "POUDP_Client" */ = {
			isa = XCConfigurationList;
			buildConfigurations = (
				E59747A31F95BB2C0022B24B /* Debug */,
				E59747A41F95BB2C0022B24B /* Release */,
			);
			defaultConfigurationIsVisible = 0;
			defaultConfigurationName = Release;
		};
		E59747A51F95BB2C0022B24B /* Build configuration list for PBXNativeTarget "POUDP_Client" */ = {
			isa = XCConfigurationList;
			buildConfigurations = (
				E59747A61F95BB2C0022B24B /* Debug */,
				E59747A71F95BB2C0022B24B /* Release */,
			);
			defaultConfigurationIsVisible = 0;
			defaultConfigurationName = Release;
		};
		E59747A81F95BB2C0022B24B /* Build configuration list for PBXNativeTarget "POUDP_ClientTests" */ = {
			isa = XCConfigurationList;
			buildConfigurations = (
				E59747A91F95BB2C0022B24B /* Debug */,
				E59747AA1F95BB2C0022B24B /* Release */,
			);
			defaultConfigurationIsVisible = 0;
			defaultConfigurationName = Release;
		};
		E59747AB1F95BB2C0022B24B /* Build configuration list for PBXNativeTarget "POUDP_ClientUITests" */ = {
			isa = XCConfigurationList;
			buildConfigurations = (
				E59747AC1F95BB2C0022B24B /* Debug */,
				E59747AD1F95BB2C0022B24B /* Release */,
			);
			defaultConfigurationIsVisible = 0;
			defaultConfigurationName = Release;
		};
/* End XCConfigurationList section */
	};
	rootObject = E59747701F95BB2C0022B24B /* Project object */;
}
