// !$*UTF8*$!
{
	archiveVersion = 1;
	classes = {
	};
	objectVersion = 46;
	objects = {

/* Begin PBXBuildFile section */
		E59747BC1F95BB480022B24B /* main.m in Sources */ = {isa = PBXBuildFile; fileRef = E59747BB1F95BB480022B24B /* main.m */; };
		E59747BF1F95BB480022B24B /* AppDelegate.m in Sources */ = {isa = PBXBuildFile; fileRef = E59747BE1F95BB480022B24B /* AppDelegate.m */; };
		E59747C21F95BB480022B24B /* ViewController.m in Sources */ = {isa = PBXBuildFile; fileRef = E59747C11F95BB480022B24B /* ViewController.m */; };
		E59747C51F95BB480022B24B /* Main.storyboard in Resources */ = {isa = PBXBuildFile; fileRef = E59747C31F95BB480022B24B /* Main.storyboard */; };
		E59747C71F95BB480022B24B /* Assets.xcassets in Resources */ = {isa = PBXBuildFile; fileRef = E59747C61F95BB480022B24B /* Assets.xcassets */; };
		E59747CA1F95BB480022B24B /* LaunchScreen.storyboard in Resources */ = {isa = PBXBuildFile; fileRef = E59747C81F95BB480022B24B /* LaunchScreen.storyboard */; };
		E59747D51F95BB480022B24B /* POUDP_ServerTests.m in Sources */ = {isa = PBXBuildFile; fileRef = E59747D41F95BB480022B24B /* POUDP_ServerTests.m */; };
		E59747E01F95BB480022B24B /* POUDP_ServerUITests.m in Sources */ = {isa = PBXBuildFile; fileRef = E59747DF1F95BB480022B24B /* POUDP_ServerUITests.m */; };
		E59748061F95FD0F0022B24B /* POButton.m in Sources */ = {isa = PBXBuildFile; fileRef = E59748031F95FD0F0022B24B /* POButton.m */; };
		E59748071F95FD0F0022B24B /* POTextField.m in Sources */ = {isa = PBXBuildFile; fileRef = E59748051F95FD0F0022B24B /* POTextField.m */; };
		E597480D1F95FE410022B24B /* AsyncSocket.m in Sources */ = {isa = PBXBuildFile; fileRef = E597480A1F95FE410022B24B /* AsyncSocket.m */; };
		E597480E1F95FE410022B24B /* AsyncUdpSocket.m in Sources */ = {isa = PBXBuildFile; fileRef = E597480C1F95FE410022B24B /* AsyncUdpSocket.m */; };
		E597484F1F95FF010022B24B /* NSObject+SBJson.m in Sources */ = {isa = PBXBuildFile; fileRef = E59748371F95FF010022B24B /* NSObject+SBJson.m */; };
		E59748501F95FF010022B24B /* SBJsonParser.m in Sources */ = {isa = PBXBuildFile; fileRef = E597483A1F95FF010022B24B /* SBJsonParser.m */; };
		E59748511F95FF010022B24B /* SBJsonStreamParser.m in Sources */ = {isa = PBXBuildFile; fileRef = E597483C1F95FF010022B24B /* SBJsonStreamParser.m */; };
		E59748521F95FF010022B24B /* SBJsonStreamParserAccumulator.m in Sources */ = {isa = PBXBuildFile; fileRef = E597483E1F95FF010022B24B /* SBJsonStreamParserAccumulator.m */; };
		E59748531F95FF010022B24B /* SBJsonStreamParserAdapter.m in Sources */ = {isa = PBXBuildFile; fileRef = E59748401F95FF010022B24B /* SBJsonStreamParserAdapter.m */; };
		E59748541F95FF010022B24B /* SBJsonStreamParserState.m in Sources */ = {isa = PBXBuildFile; fileRef = E59748421F95FF010022B24B /* SBJsonStreamParserState.m */; };
		E59748551F95FF010022B24B /* SBJsonStreamWriter.m in Sources */ = {isa = PBXBuildFile; fileRef = E59748441F95FF010022B24B /* SBJsonStreamWriter.m */; };
		E59748561F95FF010022B24B /* SBJsonStreamWriterAccumulator.m in Sources */ = {isa = PBXBuildFile; fileRef = E59748461F95FF010022B24B /* SBJsonStreamWriterAccumulator.m */; };
		E59748571F95FF010022B24B /* SBJsonStreamWriterState.m in Sources */ = {isa = PBXBuildFile; fileRef = E59748481F95FF010022B24B /* SBJsonStreamWriterState.m */; };
		E59748581F95FF010022B24B /* SBJsonTokeniser.m in Sources */ = {isa = PBXBuildFile; fileRef = E597484A1F95FF010022B24B /* SBJsonTokeniser.m */; };
		E59748591F95FF010022B24B /* SBJsonUTF8Stream.m in Sources */ = {isa = PBXBuildFile; fileRef = E597484C1F95FF010022B24B /* SBJsonUTF8Stream.m */; };
		E597485A1F95FF010022B24B /* SBJsonWriter.m in Sources */ = {isa = PBXBuildFile; fileRef = E597484E1F95FF010022B24B /* SBJsonWriter.m */; };
/* End PBXBuildFile section */

/* Begin PBXContainerItemProxy section */
		E59747D11F95BB480022B24B /* PBXContainerItemProxy */ = {
			isa = PBXContainerItemProxy;
			containerPortal = E59747AF1F95BB480022B24B /* Project object */;
			proxyType = 1;
			remoteGlobalIDString = E59747B61F95BB480022B24B;
			remoteInfo = POUDP_Server;
		};
		E59747DC1F95BB480022B24B /* PBXContainerItemProxy */ = {
			isa = PBXContainerItemProxy;
			containerPortal = E59747AF1F95BB480022B24B /* Project object */;
			proxyType = 1;
			remoteGlobalIDString = E59747B61F95BB480022B24B;
			remoteInfo = POUDP_Server;
		};
/* End PBXContainerItemProxy section */

/* Begin PBXFileReference section */
		E59747B71F95BB480022B24B /* POUDP_Server.app */ = {isa = PBXFileReference; explicitFileType = wrapper.application; includeInIndex = 0; path = POUDP_Server.app; sourceTree = BUILT_PRODUCTS_DIR; };
		E59747BB1F95BB480022B24B /* main.m */ = {isa = PBXFileReference; lastKnownFileType = sourcecode.c.objc; path = main.m; sourceTree = "<group>"; };
		E59747BD1F95BB480022B24B /* AppDelegate.h */ = {isa = PBXFileReference; lastKnownFileType = sourcecode.c.h; path = AppDelegate.h; sourceTree = "<group>"; };
		E59747BE1F95BB480022B24B /* AppDelegate.m */ = {isa = PBXFileReference; lastKnownFileType = sourcecode.c.objc; path = AppDelegate.m; sourceTree = "<group>"; };
		E59747C01F95BB480022B24B /* ViewController.h */ = {isa = PBXFileReference; lastKnownFileType = sourcecode.c.h; path = ViewController.h; sourceTree = "<group>"; };
		E59747C11F95BB480022B24B /* ViewController.m */ = {isa = PBXFileReference; lastKnownFileType = sourcecode.c.objc; path = ViewController.m; sourceTree = "<group>"; };
		E59747C41F95BB480022B24B /* Base */ = {isa = PBXFileReference; lastKnownFileType = file.storyboard; name = Base; path = Base.lproj/Main.storyboard; sourceTree = "<group>"; };
		E59747C61F95BB480022B24B /* Assets.xcassets */ = {isa = PBXFileReference; lastKnownFileType = folder.assetcatalog; path = Assets.xcassets; sourceTree = "<group>"; };
		E59747C91F95BB480022B24B /* Base */ = {isa = PBXFileReference; lastKnownFileType = file.storyboard; name = Base; path = Base.lproj/LaunchScreen.storyboard; sourceTree = "<group>"; };
		E59747CB1F95BB480022B24B /* Info.plist */ = {isa = PBXFileReference; lastKnownFileType = text.plist.xml; path = Info.plist; sourceTree = "<group>"; };
		E59747D01F95BB480022B24B /* POUDP_ServerTests.xctest */ = {isa = PBXFileReference; explicitFileType = wrapper.cfbundle; includeInIndex = 0; path = POUDP_ServerTests.xctest; sourceTree = BUILT_PRODUCTS_DIR; };
		E59747D41F95BB480022B24B /* POUDP_ServerTests.m */ = {isa = PBXFileReference; lastKnownFileType = sourcecode.c.objc; path = POUDP_ServerTests.m; sourceTree = "<group>"; };
		E59747D61F95BB480022B24B /* Info.plist */ = {isa = PBXFileReference; lastKnownFileType = text.plist.xml; path = Info.plist; sourceTree = "<group>"; };
		E59747DB1F95BB480022B24B /* POUDP_ServerUITests.xctest */ = {isa = PBXFileReference; explicitFileType = wrapper.cfbundle; includeInIndex = 0; path = POUDP_ServerUITests.xctest; sourceTree = BUILT_PRODUCTS_DIR; };
		E59747DF1F95BB480022B24B /* POUDP_ServerUITests.m */ = {isa = PBXFileReference; lastKnownFileType = sourcecode.c.objc; path = POUDP_ServerUITests.m; sourceTree = "<group>"; };
		E59747E11F95BB480022B24B /* Info.plist */ = {isa = PBXFileReference; lastKnownFileType = text.plist.xml; path = Info.plist; sourceTree = "<group>"; };
		E59748021F95FD0F0022B24B /* POButton.h */ = {isa = PBXFileReference; fileEncoding = 4; lastKnownFileType = sourcecode.c.h; path = POButton.h; sourceTree = "<group>"; };
		E59748031F95FD0F0022B24B /* POButton.m */ = {isa = PBXFileReference; fileEncoding = 4; lastKnownFileType = sourcecode.c.objc; path = POButton.m; sourceTree = "<group>"; };
		E59748041F95FD0F0022B24B /* POTextField.h */ = {isa = PBXFileReference; fileEncoding = 4; lastKnownFileType = sourcecode.c.h; path = POTextField.h; sourceTree = "<group>"; };
		E59748051F95FD0F0022B24B /* POTextField.m */ = {isa = PBXFileReference; fileEncoding = 4; lastKnownFileType = sourcecode.c.objc; path = POTextField.m; sourceTree = "<group>"; };
		E59748091F95FE410022B24B /* AsyncSocket.h */ = {isa = PBXFileReference; fileEncoding = 4; lastKnownFileType = sourcecode.c.h; path = AsyncSocket.h; sourceTree = "<group>"; };
		E597480A1F95FE410022B24B /* AsyncSocket.m */ = {isa = PBXFileReference; fileEncoding = 4; lastKnownFileType = sourcecode.c.objc; path = AsyncSocket.m; sourceTree = "<group>"; };
		E597480B1F95FE410022B24B /* AsyncUdpSocket.h */ = {isa = PBXFileReference; fileEncoding = 4; lastKnownFileType = sourcecode.c.h; path = AsyncUdpSocket.h; sourceTree = "<group>"; };
		E597480C1F95FE410022B24B /* AsyncUdpSocket.m */ = {isa = PBXFileReference; fileEncoding = 4; lastKnownFileType = sourcecode.c.objc; path = AsyncUdpSocket.m; sourceTree = "<group>"; };
		E59748361F95FF010022B24B /* NSObject+SBJson.h */ = {isa = PBXFileReference; fileEncoding = 4; lastKnownFileType = sourcecode.c.h; path = "NSObject+SBJson.h"; sourceTree = "<group>"; };
		E59748371F95FF010022B24B /* NSObject+SBJson.m */ = {isa = PBXFileReference; fileEncoding = 4; lastKnownFileType = sourcecode.c.objc; path = "NSObject+SBJson.m"; sourceTree = "<group>"; };
		E59748381F95FF010022B24B /* SBJson.h */ = {isa = PBXFileReference; fileEncoding = 4; lastKnownFileType = sourcecode.c.h; path = SBJson.h; sourceTree = "<group>"; };
		E59748391F95FF010022B24B /* SBJsonParser.h */ = {isa = PBXFileReference; fileEncoding = 4; lastKnownFileType = sourcecode.c.h; path = SBJsonParser.h; sourceTree = "<group>"; };
		E597483A1F95FF010022B24B /* SBJsonParser.m */ = {isa = PBXFileReference; fileEncoding = 4; lastKnownFileType = sourcecode.c.objc; path = SBJsonParser.m; sourceTree = "<group>"; };
		E597483B1F95FF010022B24B /* SBJsonStreamParser.h */ = {isa = PBXFileReference; fileEncoding = 4; lastKnownFileType = sourcecode.c.h; path = SBJsonStreamParser.h; sourceTree = "<group>"; };
		E597483C1F95FF010022B24B /* SBJsonStreamParser.m */ = {isa = PBXFileReference; fileEncoding = 4; lastKnownFileType = sourcecode.c.objc; path = SBJsonStreamParser.m; sourceTree = "<group>"; };
		E597483D1F95FF010022B24B /* SBJsonStreamParserAccumulator.h */ = {isa = PBXFileReference; fileEncoding = 4; lastKnownFileType = sourcecode.c.h; path = SBJsonStreamParserAccumulator.h; sourceTree = "<group>"; };
		E597483E1F95FF010022B24B /* SBJsonStreamParserAccumulator.m */ = {isa = PBXFileReference; fileEncoding = 4; lastKnownFileType = sourcecode.c.objc; path = SBJsonStreamParserAccumulator.m; sourceTree = "<group>"; };
		E597483F1F95FF010022B24B /* SBJsonStreamParserAdapter.h */ = {isa = PBXFileReference; fileEncoding = 4; lastKnownFileType = sourcecode.c.h; path = SBJsonStreamParserAdapter.h; sourceTree = "<group>"; };
		E59748401F95FF010022B24B /* SBJsonStreamParserAdapter.m */ = {isa = PBXFileReference; fileEncoding = 4; lastKnownFileType = sourcecode.c.objc; path = SBJsonStreamParserAdapter.m; sourceTree = "<group>"; };
		E59748411F95FF010022B24B /* SBJsonStreamParserState.h */ = {isa = PBXFileReference; fileEncoding = 4; lastKnownFileType = sourcecode.c.h; path = SBJsonStreamParserState.h; sourceTree = "<group>"; };
		E59748421F95FF010022B24B /* SBJsonStreamParserState.m */ = {isa = PBXFileReference; fileEncoding = 4; lastKnownFileType = sourcecode.c.objc; path = SBJsonStreamParserState.m; sourceTree = "<group>"; };
		E59748431F95FF010022B24B /* SBJsonStreamWriter.h */ = {isa = PBXFileReference; fileEncoding = 4; lastKnownFileType = sourcecode.c.h; path = SBJsonStreamWriter.h; sourceTree = "<group>"; };
		E59748441F95FF010022B24B /* SBJsonStreamWriter.m */ = {isa = PBXFileReference; fileEncoding = 4; lastKnownFileType = sourcecode.c.objc; path = SBJsonStreamWriter.m; sourceTree = "<group>"; };
		E59748451F95FF010022B24B /* SBJsonStreamWriterAccumulator.h */ = {isa = PBXFileReference; fileEncoding = 4; lastKnownFileType = sourcecode.c.h; path = SBJsonStreamWriterAccumulator.h; sourceTree = "<group>"; };
		E59748461F95FF010022B24B /* SBJsonStreamWriterAccumulator.m */ = {isa = PBXFileReference; fileEncoding = 4; lastKnownFileType = sourcecode.c.objc; path = SBJsonStreamWriterAccumulator.m; sourceTree = "<group>"; };
		E59748471F95FF010022B24B /* SBJsonStreamWriterState.h */ = {isa = PBXFileReference; fileEncoding = 4; lastKnownFileType = sourcecode.c.h; path = SBJsonStreamWriterState.h; sourceTree = "<group>"; };
		E59748481F95FF010022B24B /* SBJsonStreamWriterState.m */ = {isa = PBXFileReference; fileEncoding = 4; lastKnownFileType = sourcecode.c.objc; path = SBJsonStreamWriterState.m; sourceTree = "<group>"; };
		E59748491F95FF010022B24B /* SBJsonTokeniser.h */ = {isa = PBXFileReference; fileEncoding = 4; lastKnownFileType = sourcecode.c.h; path = SBJsonTokeniser.h; sourceTree = "<group>"; };
		E597484A1F95FF010022B24B /* SBJsonTokeniser.m */ = {isa = PBXFileReference; fileEncoding = 4; lastKnownFileType = sourcecode.c.objc; path = SBJsonTokeniser.m; sourceTree = "<group>"; };
		E597484B1F95FF010022B24B /* SBJsonUTF8Stream.h */ = {isa = PBXFileReference; fileEncoding = 4; lastKnownFileType = sourcecode.c.h; path = SBJsonUTF8Stream.h; sourceTree = "<group>"; };
		E597484C1F95FF010022B24B /* SBJsonUTF8Stream.m */ = {isa = PBXFileReference; fileEncoding = 4; lastKnownFileType = sourcecode.c.objc; path = SBJsonUTF8Stream.m; sourceTree = "<group>"; };
		E597484D1F95FF010022B24B /* SBJsonWriter.h */ = {isa = PBXFileReference; fileEncoding = 4; lastKnownFileType = sourcecode.c.h; path = SBJsonWriter.h; sourceTree = "<group>"; };
		E597484E1F95FF010022B24B /* SBJsonWriter.m */ = {isa = PBXFileReference; fileEncoding = 4; lastKnownFileType = sourcecode.c.objc; path = SBJsonWriter.m; sourceTree = "<group>"; };
/* End PBXFileReference section */

/* Begin PBXFrameworksBuildPhase section */
		E59747B41F95BB480022B24B /* Frameworks */ = {
			isa = PBXFrameworksBuildPhase;
			buildActionMask = 2147483647;
			files = (
			);
			runOnlyForDeploymentPostprocessing = 0;
		};
		E59747CD1F95BB480022B24B /* Frameworks */ = {
			isa = PBXFrameworksBuildPhase;
			buildActionMask = 2147483647;
			files = (
			);
			runOnlyForDeploymentPostprocessing = 0;
		};
		E59747D81F95BB480022B24B /* Frameworks */ = {
			isa = PBXFrameworksBuildPhase;
			buildActionMask = 2147483647;
			files = (
			);
			runOnlyForDeploymentPostprocessing = 0;
		};
/* End PBXFrameworksBuildPhase section */

/* Begin PBXGroup section */
		E59747AE1F95BB480022B24B = {
			isa = PBXGroup;
			children = (
				E59747B91F95BB480022B24B /* POUDP_Server */,
				E59747D31F95BB480022B24B /* POUDP_ServerTests */,
				E59747DE1F95BB480022B24B /* POUDP_ServerUITests */,
				E59747B81F95BB480022B24B /* Products */,
			);
			sourceTree = "<group>";
		};
		E59747B81F95BB480022B24B /* Products */ = {
			isa = PBXGroup;
			children = (
				E59747B71F95BB480022B24B /* POUDP_Server.app */,
				E59747D01F95BB480022B24B /* POUDP_ServerTests.xctest */,
				E59747DB1F95BB480022B24B /* POUDP_ServerUITests.xctest */,
			);
			name = Products;
			sourceTree = "<group>";
		};
		E59747B91F95BB480022B24B /* POUDP_Server */ = {
			isa = PBXGroup;
			children = (
				E59748351F95FF010022B24B /* SBJson */,
				E59748081F95FE410022B24B /* UDP */,
				E59748011F95FD0F0022B24B /* CustomObject */,
				E59747BD1F95BB480022B24B /* AppDelegate.h */,
				E59747BE1F95BB480022B24B /* AppDelegate.m */,
				E59747C01F95BB480022B24B /* ViewController.h */,
				E59747C11F95BB480022B24B /* ViewController.m */,
				E59747C31F95BB480022B24B /* Main.storyboard */,
				E59747C61F95BB480022B24B /* Assets.xcassets */,
				E59747C81F95BB480022B24B /* LaunchScreen.storyboard */,
				E59747CB1F95BB480022B24B /* Info.plist */,
				E59747BA1F95BB480022B24B /* Supporting Files */,
			);
			path = POUDP_Server;
			sourceTree = "<group>";
		};
		E59747BA1F95BB480022B24B /* Supporting Files */ = {
			isa = PBXGroup;
			children = (
				E59747BB1F95BB480022B24B /* main.m */,
			);
			name = "Supporting Files";
			sourceTree = "<group>";
		};
		E59747D31F95BB480022B24B /* POUDP_ServerTests */ = {
			isa = PBXGroup;
			children = (
				E59747D41F95BB480022B24B /* POUDP_ServerTests.m */,
				E59747D61F95BB480022B24B /* Info.plist */,
			);
			path = POUDP_ServerTests;
			sourceTree = "<group>";
		};
		E59747DE1F95BB480022B24B /* POUDP_ServerUITests */ = {
			isa = PBXGroup;
			children = (
				E59747DF1F95BB480022B24B /* POUDP_ServerUITests.m */,
				E59747E11F95BB480022B24B /* Info.plist */,
			);
			path = POUDP_ServerUITests;
			sourceTree = "<group>";
		};
		E59748011F95FD0F0022B24B /* CustomObject */ = {
			isa = PBXGroup;
			children = (
				E59748021F95FD0F0022B24B /* POButton.h */,
				E59748031F95FD0F0022B24B /* POButton.m */,
				E59748041F95FD0F0022B24B /* POTextField.h */,
				E59748051F95FD0F0022B24B /* POTextField.m */,
			);
			path = CustomObject;
			sourceTree = "<group>";
		};
		E59748081F95FE410022B24B /* UDP */ = {
			isa = PBXGroup;
			children = (
				E59748091F95FE410022B24B /* AsyncSocket.h */,
				E597480A1F95FE410022B24B /* AsyncSocket.m */,
				E597480B1F95FE410022B24B /* AsyncUdpSocket.h */,
				E597480C1F95FE410022B24B /* AsyncUdpSocket.m */,
			);
			path = UDP;
			sourceTree = "<group>";
		};
		E59748351F95FF010022B24B /* SBJson */ = {
			isa = PBXGroup;
			children = (
				E59748361F95FF010022B24B /* NSObject+SBJson.h */,
				E59748371F95FF010022B24B /* NSObject+SBJson.m */,
				E59748381F95FF010022B24B /* SBJson.h */,
				E59748391F95FF010022B24B /* SBJsonParser.h */,
				E597483A1F95FF010022B24B /* SBJsonParser.m */,
				E597483B1F95FF010022B24B /* SBJsonStreamParser.h */,
				E597483C1F95FF010022B24B /* SBJsonStreamParser.m */,
				E597483D1F95FF010022B24B /* SBJsonStreamParserAccumulator.h */,
				E597483E1F95FF010022B24B /* SBJsonStreamParserAccumulator.m */,
				E597483F1F95FF010022B24B /* SBJsonStreamParserAdapter.h */,
				E59748401F95FF010022B24B /* SBJsonStreamParserAdapter.m */,
				E59748411F95FF010022B24B /* SBJsonStreamParserState.h */,
				E59748421F95FF010022B24B /* SBJsonStreamParserState.m */,
				E59748431F95FF010022B24B /* SBJsonStreamWriter.h */,
				E59748441F95FF010022B24B /* SBJsonStreamWriter.m */,
				E59748451F95FF010022B24B /* SBJsonStreamWriterAccumulator.h */,
				E59748461F95FF010022B24B /* SBJsonStreamWriterAccumulator.m */,
				E59748471F95FF010022B24B /* SBJsonStreamWriterState.h */,
				E59748481F95FF010022B24B /* SBJsonStreamWriterState.m */,
				E59748491F95FF010022B24B /* SBJsonTokeniser.h */,
				E597484A1F95FF010022B24B /* SBJsonTokeniser.m */,
				E597484B1F95FF010022B24B /* SBJsonUTF8Stream.h */,
				E597484C1F95FF010022B24B /* SBJsonUTF8Stream.m */,
				E597484D1F95FF010022B24B /* SBJsonWriter.h */,
				E597484E1F95FF010022B24B /* SBJsonWriter.m */,
			);
			path = SBJson;
			sourceTree = "<group>";
		};
/* End PBXGroup section */

/* Begin PBXNativeTarget section */
		E59747B61F95BB480022B24B /* POUDP_Server */ = {
			isa = PBXNativeTarget;
			buildConfigurationList = E59747E41F95BB480022B24B /* Build configuration list for PBXNativeTarget "POUDP_Server" */;
			buildPhases = (
				E59747B31F95BB480022B24B /* Sources */,
				E59747B41F95BB480022B24B /* Frameworks */,
				E59747B51F95BB480022B24B /* Resources */,
			);
			buildRules = (
			);
			dependencies = (
			);
			name = POUDP_Server;
			productName = POUDP_Server;
			productReference = E59747B71F95BB480022B24B /* POUDP_Server.app */;
			productType = "com.apple.product-type.application";
		};
		E59747CF1F95BB480022B24B /* POUDP_ServerTests */ = {
			isa = PBXNativeTarget;
			buildConfigurationList = E59747E71F95BB480022B24B /* Build configuration list for PBXNativeTarget "POUDP_ServerTests" */;
			buildPhases = (
				E59747CC1F95BB480022B24B /* Sources */,
				E59747CD1F95BB480022B24B /* Frameworks */,
				E59747CE1F95BB480022B24B /* Resources */,
			);
			buildRules = (
			);
			dependencies = (
				E59747D21F95BB480022B24B /* PBXTargetDependency */,
			);
			name = POUDP_ServerTests;
			productName = POUDP_ServerTests;
			productReference = E59747D01F95BB480022B24B /* POUDP_ServerTests.xctest */;
			productType = "com.apple.product-type.bundle.unit-test";
		};
		E59747DA1F95BB480022B24B /* POUDP_ServerUITests */ = {
			isa = PBXNativeTarget;
			buildConfigurationList = E59747EA1F95BB480022B24B /* Build configuration list for PBXNativeTarget "POUDP_ServerUITests" */;
			buildPhases = (
				E59747D71F95BB480022B24B /* Sources */,
				E59747D81F95BB480022B24B /* Frameworks */,
				E59747D91F95BB480022B24B /* Resources */,
			);
			buildRules = (
			);
			dependencies = (
				E59747DD1F95BB480022B24B /* PBXTargetDependency */,
			);
			name = POUDP_ServerUITests;
			productName = POUDP_ServerUITests;
			productReference = E59747DB1F95BB480022B24B /* POUDP_ServerUITests.xctest */;
			productType = "com.apple.product-type.bundle.ui-testing";
		};
/* End PBXNativeTarget section */

/* Begin PBXProject section */
		E59747AF1F95BB480022B24B /* Project object */ = {
			isa = PBXProject;
			attributes = {
				LastUpgradeCheck = 0830;
				ORGANIZATIONNAME = Polo;
				TargetAttributes = {
					E59747B61F95BB480022B24B = {
						CreatedOnToolsVersion = 8.3.3;
						ProvisioningStyle = Automatic;
					};
					E59747CF1F95BB480022B24B = {
						CreatedOnToolsVersion = 8.3.3;
						ProvisioningStyle = Automatic;
						TestTargetID = E59747B61F95BB480022B24B;
					};
					E59747DA1F95BB480022B24B = {
						CreatedOnToolsVersion = 8.3.3;
						ProvisioningStyle = Automatic;
						TestTargetID = E59747B61F95BB480022B24B;
					};
				};
			};
			buildConfigurationList = E59747B21F95BB480022B24B /* Build configuration list for PBXProject "POUDP_Server" */;
			compatibilityVersion = "Xcode 3.2";
			developmentRegion = English;
			hasScannedForEncodings = 0;
			knownRegions = (
				en,
				Base,
			);
			mainGroup = E59747AE1F95BB480022B24B;
			productRefGroup = E59747B81F95BB480022B24B /* Products */;
			projectDirPath = "";
			projectRoot = "";
			targets = (
				E59747B61F95BB480022B24B /* POUDP_Server */,
				E59747CF1F95BB480022B24B /* POUDP_ServerTests */,
				E59747DA1F95BB480022B24B /* POUDP_ServerUITests */,
			);
		};
/* End PBXProject section */

/* Begin PBXResourcesBuildPhase section */
		E59747B51F95BB480022B24B /* Resources */ = {
			isa = PBXResourcesBuildPhase;
			buildActionMask = 2147483647;
			files = (
				E59747CA1F95BB480022B24B /* LaunchScreen.storyboard in Resources */,
				E59747C71F95BB480022B24B /* Assets.xcassets in Resources */,
				E59747C51F95BB480022B24B /* Main.storyboard in Resources */,
			);
			runOnlyForDeploymentPostprocessing = 0;
		};
		E59747CE1F95BB480022B24B /* Resources */ = {
			isa = PBXResourcesBuildPhase;
			buildActionMask = 2147483647;
			files = (
			);
			runOnlyForDeploymentPostprocessing = 0;
		};
		E59747D91F95BB480022B24B /* Resources */ = {
			isa = PBXResourcesBuildPhase;
			buildActionMask = 2147483647;
			files = (
			);
			runOnlyForDeploymentPostprocessing = 0;
		};
/* End PBXResourcesBuildPhase section */

/* Begin PBXSourcesBuildPhase section */
		E59747B31F95BB480022B24B /* Sources */ = {
			isa = PBXSourcesBuildPhase;
			buildActionMask = 2147483647;
			files = (
				E59748581F95FF010022B24B /* SBJsonTokeniser.m in Sources */,
				E59748061F95FD0F0022B24B /* POButton.m in Sources */,
				E59747C21F95BB480022B24B /* ViewController.m in Sources */,
				E59748541F95FF010022B24B /* SBJsonStreamParserState.m in Sources */,
				E59747BF1F95BB480022B24B /* AppDelegate.m in Sources */,
				E597480D1F95FE410022B24B /* AsyncSocket.m in Sources */,
				E59747BC1F95BB480022B24B /* main.m in Sources */,
				E597485A1F95FF010022B24B /* SBJsonWriter.m in Sources */,
				E59748071F95FD0F0022B24B /* POTextField.m in Sources */,
				E59748521F95FF010022B24B /* SBJsonStreamParserAccumulator.m in Sources */,
				E59748501F95FF010022B24B /* SBJsonParser.m in Sources */,
				E597484F1F95FF010022B24B /* NSObject+SBJson.m in Sources */,
				E59748591F95FF010022B24B /* SBJsonUTF8Stream.m in Sources */,
				E597480E1F95FE410022B24B /* AsyncUdpSocket.m in Sources */,
				E59748561F95FF010022B24B /* SBJsonStreamWriterAccumulator.m in Sources */,
				E59748551F95FF010022B24B /* SBJsonStreamWriter.m in Sources */,
				E59748571F95FF010022B24B /* SBJsonStreamWriterState.m in Sources */,
				E59748511F95FF010022B24B /* SBJsonStreamParser.m in Sources */,
				E59748531F95FF010022B24B /* SBJsonStreamParserAdapter.m in Sources */,
			);
			runOnlyForDeploymentPostprocessing = 0;
		};
		E59747CC1F95BB480022B24B /* Sources */ = {
			isa = PBXSourcesBuildPhase;
			buildActionMask = 2147483647;
			files = (
				E59747D51F95BB480022B24B /* POUDP_ServerTests.m in Sources */,
			);
			runOnlyForDeploymentPostprocessing = 0;
		};
		E59747D71F95BB480022B24B /* Sources */ = {
			isa = PBXSourcesBuildPhase;
			buildActionMask = 2147483647;
			files = (
				E59747E01F95BB480022B24B /* POUDP_ServerUITests.m in Sources */,
			);
			runOnlyForDeploymentPostprocessing = 0;
		};
/* End PBXSourcesBuildPhase section */

/* Begin PBXTargetDependency section */
		E59747D21F95BB480022B24B /* PBXTargetDependency */ = {
			isa = PBXTargetDependency;
			target = E59747B61F95BB480022B24B /* POUDP_Server */;
			targetProxy = E59747D11F95BB480022B24B /* PBXContainerItemProxy */;
		};
		E59747DD1F95BB480022B24B /* PBXTargetDependency */ = {
			isa = PBXTargetDependency;
			target = E59747B61F95BB480022B24B /* POUDP_Server */;
			targetProxy = E59747DC1F95BB480022B24B /* PBXContainerItemProxy */;
		};
/* End PBXTargetDependency section */

/* Begin PBXVariantGroup section */
		E59747C31F95BB480022B24B /* Main.storyboard */ = {
			isa = PBXVariantGroup;
			children = (
				E59747C41F95BB480022B24B /* Base */,
			);
			name = Main.storyboard;
			sourceTree = "<group>";
		};
		E59747C81F95BB480022B24B /* LaunchScreen.storyboard */ = {
			isa = PBXVariantGroup;
			children = (
				E59747C91F95BB480022B24B /* Base */,
			);
			name = LaunchScreen.storyboard;
			sourceTree = "<group>";
		};
/* End PBXVariantGroup section */

/* Begin XCBuildConfiguration section */
		E59747E21F95BB480022B24B /* Debug */ = {
			isa = XCBuildConfiguration;
			buildSettings = {
				ALWAYS_SEARCH_USER_PATHS = NO;
				CLANG_ANALYZER_NONNULL = YES;
				CLANG_ANALYZER_NUMBER_OBJECT_CONVERSION = YES_AGGRESSIVE;
				CLANG_CXX_LANGUAGE_STANDARD = "gnu++0x";
				CLANG_CXX_LIBRARY = "libc++";
				CLANG_ENABLE_MODULES = YES;
				CLANG_ENABLE_OBJC_ARC = YES;
				CLANG_WARN_BOOL_CONVERSION = YES;
				CLANG_WARN_CONSTANT_CONVERSION = YES;
				CLANG_WARN_DIRECT_OBJC_ISA_USAGE = YES_ERROR;
				CLANG_WARN_DOCUMENTATION_COMMENTS = YES;
				CLANG_WARN_EMPTY_BODY = YES;
				CLANG_WARN_ENUM_CONVERSION = YES;
				CLANG_WARN_INFINITE_RECURSION = YES;
				CLANG_WARN_INT_CONVERSION = YES;
				CLANG_WARN_OBJC_ROOT_CLASS = YES_ERROR;
				CLANG_WARN_SUSPICIOUS_MOVE = YES;
				CLANG_WARN_UNREACHABLE_CODE = YES;
				CLANG_WARN__DUPLICATE_METHOD_MATCH = YES;
				"CODE_SIGN_IDENTITY[sdk=iphoneos*]" = "iPhone Developer";
				COPY_PHASE_STRIP = NO;
				DEBUG_INFORMATION_FORMAT = dwarf;
				ENABLE_STRICT_OBJC_MSGSEND = YES;
				ENABLE_TESTABILITY = YES;
				GCC_C_LANGUAGE_STANDARD = gnu99;
				GCC_DYNAMIC_NO_PIC = NO;
				GCC_NO_COMMON_BLOCKS = YES;
				GCC_OPTIMIZATION_LEVEL = 0;
				GCC_PREPROCESSOR_DEFINITIONS = (
					"DEBUG=1",
					"$(inherited)",
				);
				GCC_WARN_64_TO_32_BIT_CONVERSION = YES;
				GCC_WARN_ABOUT_RETURN_TYPE = YES_ERROR;
				GCC_WARN_UNDECLARED_SELECTOR = YES;
				GCC_WARN_UNINITIALIZED_AUTOS = YES_AGGRESSIVE;
				GCC_WARN_UNUSED_FUNCTION = YES;
				GCC_WARN_UNUSED_VARIABLE = YES;
				IPHONEOS_DEPLOYMENT_TARGET = 10.3;
				MTL_ENABLE_DEBUG_INFO = YES;
				ONLY_ACTIVE_ARCH = YES;
				SDKROOT = iphoneos;
				TARGETED_DEVICE_FAMILY = "1,2";
			};
			name = Debug;
		};
		E59747E31F95BB480022B24B /* Release */ = {
			isa = XCBuildConfiguration;
			buildSettings = {
				ALWAYS_SEARCH_USER_PATHS = NO;
				CLANG_ANALYZER_NONNULL = YES;
				CLANG_ANALYZER_NUMBER_OBJECT_CONVERSION = YES_AGGRESSIVE;
				CLANG_CXX_LANGUAGE_STANDARD = "gnu++0x";
				CLANG_CXX_LIBRARY = "libc++";
				CLANG_ENABLE_MODULES = YES;
				CLANG_ENABLE_OBJC_ARC = YES;
				CLANG_WARN_BOOL_CONVERSION = YES;
				CLANG_WARN_CONSTANT_CONVERSION = YES;
				CLANG_WARN_DIRECT_OBJC_ISA_USAGE = YES_ERROR;
				CLANG_WARN_DOCUMENTATION_COMMENTS = YES;
				CLANG_WARN_EMPTY_BODY = YES;
				CLANG_WARN_ENUM_CONVERSION = YES;
				CLANG_WARN_INFINITE_RECURSION = YES;
				CLANG_WARN_INT_CONVERSION = YES;
				CLANG_WARN_OBJC_ROOT_CLASS = YES_ERROR;
				CLANG_WARN_SUSPICIOUS_MOVE = YES;
				CLANG_WARN_UNREACHABLE_CODE = YES;
				CLANG_WARN__DUPLICATE_METHOD_MATCH = YES;
				"CODE_SIGN_IDENTITY[sdk=iphoneos*]" = "iPhone Developer";
				COPY_PHASE_STRIP = NO;
				DEBUG_INFORMATION_FORMAT = "dwarf-with-dsym";
				ENABLE_NS_ASSERTIONS = NO;
				ENABLE_STRICT_OBJC_MSGSEND = YES;
				GCC_C_LANGUAGE_STANDARD = gnu99;
				GCC_NO_COMMON_BLOCKS = YES;
				GCC_WARN_64_TO_32_BIT_CONVERSION = YES;
				GCC_WARN_ABOUT_RETURN_TYPE = YES_ERROR;
				GCC_WARN_UNDECLARED_SELECTOR = YES;
				GCC_WARN_UNINITIALIZED_AUTOS = YES_AGGRESSIVE;
				GCC_WARN_UNUSED_FUNCTION = YES;
				GCC_WARN_UNUSED_VARIABLE = YES;
				IPHONEOS_DEPLOYMENT_TARGET = 10.3;
				MTL_ENABLE_DEBUG_INFO = NO;
				SDKROOT = iphoneos;
				TARGETED_DEVICE_FAMILY = "1,2";
				VALIDATE_PRODUCT = YES;
			};
			name = Release;
		};
		E59747E51F95BB480022B24B /* Debug */ = {
			isa = XCBuildConfiguration;
			buildSettings = {
				ASSETCATALOG_COMPILER_APPICON_NAME = AppIcon;
				INFOPLIST_FILE = POUDP_Server/Info.plist;
				LD_RUNPATH_SEARCH_PATHS = "$(inherited) @executable_path/Frameworks";
				PRODUCT_BUNDLE_IDENTIFIER = "com.polo.POUDP-Server";
				PRODUCT_NAME = "$(TARGET_NAME)";
			};
			name = Debug;
		};
		E59747E61F95BB480022B24B /* Release */ = {
			isa = XCBuildConfiguration;
			buildSettings = {
				ASSETCATALOG_COMPILER_APPICON_NAME = AppIcon;
				INFOPLIST_FILE = POUDP_Server/Info.plist;
				LD_RUNPATH_SEARCH_PATHS = "$(inherited) @executable_path/Frameworks";
				PRODUCT_BUNDLE_IDENTIFIER = "com.polo.POUDP-Server";
				PRODUCT_NAME = "$(TARGET_NAME)";
			};
			name = Release;
		};
		E59747E81F95BB480022B24B /* Debug */ = {
			isa = XCBuildConfiguration;
			buildSettings = {
				BUNDLE_LOADER = "$(TEST_HOST)";
				INFOPLIST_FILE = POUDP_ServerTests/Info.plist;
				LD_RUNPATH_SEARCH_PATHS = "$(inherited) @executable_path/Frameworks @loader_path/Frameworks";
				PRODUCT_BUNDLE_IDENTIFIER = "com.polo.POUDP-ServerTests";
				PRODUCT_NAME = "$(TARGET_NAME)";
				TEST_HOST = "$(BUILT_PRODUCTS_DIR)/POUDP_Server.app/POUDP_Server";
			};
			name = Debug;
		};
		E59747E91F95BB480022B24B /* Release */ = {
			isa = XCBuildConfiguration;
			buildSettings = {
				BUNDLE_LOADER = "$(TEST_HOST)";
				INFOPLIST_FILE = POUDP_ServerTests/Info.plist;
				LD_RUNPATH_SEARCH_PATHS = "$(inherited) @executable_path/Frameworks @loader_path/Frameworks";
				PRODUCT_BUNDLE_IDENTIFIER = "com.polo.POUDP-ServerTests";
				PRODUCT_NAME = "$(TARGET_NAME)";
				TEST_HOST = "$(BUILT_PRODUCTS_DIR)/POUDP_Server.app/POUDP_Server";
			};
			name = Release;
		};
		E59747EB1F95BB480022B24B /* Debug */ = {
			isa = XCBuildConfiguration;
			buildSettings = {
				INFOPLIST_FILE = POUDP_ServerUITests/Info.plist;
				LD_RUNPATH_SEARCH_PATHS = "$(inherited) @executable_path/Frameworks @loader_path/Frameworks";
				PRODUCT_BUNDLE_IDENTIFIER = "com.polo.POUDP-ServerUITests";
				PRODUCT_NAME = "$(TARGET_NAME)";
				TEST_TARGET_NAME = POUDP_Server;
			};
			name = Debug;
		};
		E59747EC1F95BB480022B24B /* Release */ = {
			isa = XCBuildConfiguration;
			buildSettings = {
				INFOPLIST_FILE = POUDP_ServerUITests/Info.plist;
				LD_RUNPATH_SEARCH_PATHS = "$(inherited) @executable_path/Frameworks @loader_path/Frameworks";
				PRODUCT_BUNDLE_IDENTIFIER = "com.polo.POUDP-ServerUITests";
				PRODUCT_NAME = "$(TARGET_NAME)";
				TEST_TARGET_NAME = POUDP_Server;
			};
			name = Release;
		};
/* End XCBuildConfiguration section */

/* Begin XCConfigurationList section */
		E59747B21F95BB480022B24B /* Build configuration list for PBXProject "POUDP_Server" */ = {
			isa = XCConfigurationList;
			buildConfigurations = (
				E59747E21F95BB480022B24B /* Debug */,
				E59747E31F95BB480022B24B /* Release */,
			);
			defaultConfigurationIsVisible = 0;
			defaultConfigurationName = Release;
		};
		E59747E41F95BB480022B24B /* Build configuration list for PBXNativeTarget "POUDP_Server" */ = {
			isa = XCConfigurationList;
			buildConfigurations = (
				E59747E51F95BB480022B24B /* Debug */,
				E59747E61F95BB480022B24B /* Release */,
			);
			defaultConfigurationIsVisible = 0;
			defaultConfigurationName = Release;
		};
		E59747E71F95BB480022B24B /* Build configuration list for PBXNativeTarget "POUDP_ServerTests" */ = {
			isa = XCConfigurationList;
			buildConfigurations = (
				E59747E81F95BB480022B24B /* Debug */,
				E59747E91F95BB480022B24B /* Release */,
			);
			defaultConfigurationIsVisible = 0;
			defaultConfigurationName = Release;
		};
		E59747EA1F95BB480022B24B /* Build configuration list for PBXNativeTarget "POUDP_ServerUITests" */ = {
			isa = XCConfigurationList;
			buildConfigurations = (
				E59747EB1F95BB480022B24B /* Debug */,
				E59747EC1F95BB480022B24B /* Release */,
			);
			defaultConfigurationIsVisible = 0;
			defaultConfigurationName = Release;
		};
/* End XCConfigurationList section */
	};
	rootObject = E59747AF1F95BB480022B24B /* Project object */;
}
